{
	"_OFProjectGeneratorVersion": "0.103.0",
	"archiveVersion": "1",
	"classes": {},
	"objectVersion": "54",
	"objects": {
		"0EECC954-1DFD-4313-8EC0-5E9FD6899E60": {
			"children": [
				"DBE96C83-6133-44CC-82EA-DB7D7CC49C45"
			],
			"isa": "PBXGroup",
			"name": "ofxBvh",
			"path": "../ofxBvh",
			"sourceTree": "SOURCE_ROOT"
		},
		"1239315A-17F0-47F0-B245-880B3E1E5285": {
			"fileEncoding": "4",
			"isa": "PBXFileReference",
			"lastKnownFileType": "sourcecode.cpp.h",
			"name": "ofxMarchingCubes.h",
			"path": "../third_party/ofxMarchingCubes/src/ofxMarchingCubes.h",
			"sourceTree": "SOURCE_ROOT"
		},
		"191CD6FA2847E21E0085CBB6": {
			"fileEncoding": "4",
			"isa": "PBXFileReference",
			"lastKnownFileType": "text.plist.entitlements",
			"path": "of.entitlements",
			"sourceTree": "<group>"
		},
		"191EF70929D778A400F35F26": {
			"isa": "PBXFileReference",
			"lastKnownFileType": "folder",
			"name": "openFrameworks",
			"path": "../../../../libs/openFrameworks",
			"sourceTree": "SOURCE_ROOT"
		},
		"19B789C429E5AB4A0082E9B8": {
			"alwaysOutOfDate": "1",
			"buildActionMask": "2147483647",
			"files": [],
			"inputFileListPaths": [],
			"inputPaths": [],
			"isa": "PBXShellScriptBuildPhase",
			"outputFileListPaths": [],
			"outputPaths": [],
			"runOnlyForDeploymentPostprocessing": "0",
			"shellPath": "/bin/sh",
			"shellScript": "\"$OF_PATH/scripts/osx/xcode_project.sh\"\n",
			"showEnvVarsInLog": "0"
		},
		"1F9294CD-2621-4997-8CC4-04E6B11B28EA": {
			"children": [
				"0EECC954-1DFD-4313-8EC0-5E9FD6899E60",
				"BB252917-9265-4521-852A-DB240B66481D"
			],
			"isa": "PBXGroup",
			"name": "local_addons",
			"path": "",
			"sourceTree": "SOURCE_ROOT"
		},
		"22AAE16F-4CF3-4CE6-9BBA-BD8AEF7D0020": {
			"fileEncoding": "4",
			"isa": "PBXFileReference",
			"lastKnownFileType": "folder",
			"name": "data",
			"path": "bin/data",
			"sourceTree": "SOURCE_ROOT"
		},
		"3D195E31-0E86-4CF6-8DEE-4407C3554C09": {
			"children": [
				"BD85315E-5DB4-4806-BE8C-1BDF65B3D573",
				"AF496856-092A-4750-8B0B-F81827998FFB",
				"9C00D355-F0BC-42E8-AE0E-116FB2868364",
				"1239315A-17F0-47F0-B245-880B3E1E5285"
			],
			"isa": "PBXGroup",
			"name": "src",
			"path": "src",
			"sourceTree": "<group>"
		},
		"41B536E2-8743-4BD3-A14C-4A48584BED92": {
			"fileRef": "461370C5-1FD2-42F0-9FF7-7421CA1DA69E",
			"isa": "PBXBuildFile"
		},
		"440C8D42-E5C8-46C9-A2EE-E2D0412B4437": {
			"fileRef": "D13302A3-9D9F-4EB1-8A8D-EB063BFD1FB9",
			"isa": "PBXBuildFile"
		},
		"44E0AADC-45B0-4A20-9EDE-82DEC7720829": {
			"fileEncoding": "4",
			"isa": "PBXFileReference",
			"lastKnownFileType": "sourcecode.cpp.h",
			"name": "MetaBall.h",
			"sourceTree": "<group>"
		},
		"461370C5-1FD2-42F0-9FF7-7421CA1DA69E": {
			"fileEncoding": "4",
			"isa": "PBXFileReference",
			"lastKnownFileType": "sourcecode.cpp.cpp",
			"name": "ofApp.cpp",
			"sourceTree": "<group>"
		},
		"622082E4-6557-44E8-9FB4-AF3BC4FB0BD3": {
			"fileEncoding": "4",
			"isa": "PBXFileReference",
			"lastKnownFileType": "sourcecode.cpp.h",
			"name": "ofxBvh.h",
			"path": "../ofxBvh/src/ofxBvh.h",
			"sourceTree": "SOURCE_ROOT"
		},
		"9C00D355-F0BC-42E8-AE0E-116FB2868364": {
			"fileEncoding": "4",
			"isa": "PBXFileReference",
			"lastKnownFileType": "sourcecode.cpp.cpp",
			"name": "ofxMarchingCubes.cpp",
			"path": "../third_party/ofxMarchingCubes/src/ofxMarchingCubes.cpp",
			"sourceTree": "SOURCE_ROOT"
		},
		"AF496856-092A-4750-8B0B-F81827998FFB": {
			"fileEncoding": "4",
			"isa": "PBXFileReference",
			"lastKnownFileType": "sourcecode.cpp.h",
			"name": "ofxMCTypes.h",
			"path": "../third_party/ofxMarchingCubes/src/ofxMCTypes.h",
			"sourceTree": "SOURCE_ROOT"
		},
		"BB252917-9265-4521-852A-DB240B66481D": {
			"children": [
				"3D195E31-0E86-4CF6-8DEE-4407C3554C09"
			],
			"isa": "PBXGroup",
			"name": "ofxMarchingCubes",
			"path": "../third_party/ofxMarchingCubes",
			"sourceTree": "SOURCE_ROOT"
		},
		"BB4B014C10F69532006C3DED": {
			"children": [],
			"isa": "PBXGroup",
			"name": "addons",
			"path": "../../../../addons",
			"sourceTree": "SOURCE_ROOT"
		},
		"BD85315E-5DB4-4806-BE8C-1BDF65B3D573": {
			"fileEncoding": "4",
			"isa": "PBXFileReference",
			"lastKnownFileType": "sourcecode.cpp.h",
			"name": "Tables.h",
			"path": "../third_party/ofxMarchingCubes/src/Tables.h",
			"sourceTree": "SOURCE_ROOT"
		},
		"D13302A3-9D9F-4EB1-8A8D-EB063BFD1FB9": {
			"fileEncoding": "4",
			"isa": "PBXFileReference",
			"lastKnownFileType": "sourcecode.cpp.cpp",
			"name": "ofxBvh.cpp",
			"path": "../ofxBvh/src/ofxBvh.cpp",
			"sourceTree": "SOURCE_ROOT"
		},
		"DBE96C83-6133-44CC-82EA-DB7D7CC49C45": {
			"children": [
				"D13302A3-9D9F-4EB1-8A8D-EB063BFD1FB9",
				"622082E4-6557-44E8-9FB4-AF3BC4FB0BD3"
			],
			"isa": "PBXGroup",
			"name": "src",
			"path": "src",
			"sourceTree": "<group>"
		},
		"E42962A92163ECCD00A6A9E2": {
			"alwaysOutOfDate": "1",
			"buildActionMask": "2147483647",
			"files": [],
			"inputPaths": [],
			"isa": "PBXShellScriptBuildPhase",
			"name": "Run Script — Compile OF",
			"outputPaths": [],
			"runOnlyForDeploymentPostprocessing": "0",
			"shellPath": "/bin/sh",
			"shellScript": "$OF_CORE_BUILD_COMMAND\n",
			"showEnvVarsInLog": "0"
		},
		"E4A5B60F29BAAAE400C2D356": {
			"buildActionMask": "2147483647",
			"dstPath": "",
			"dstSubfolderSpec": "6",
			"files": [],
			"isa": "PBXCopyFilesBuildPhase",
			"runOnlyForDeploymentPostprocessing": "0"
		},
		"E4B69B4A0A3A1720003C02F2": {
			"children": [
				"191CD6FA2847E21E0085CBB6",
				"E4B6FCAD0C3E899E008CF71C",
				"E4EB6923138AFD0F00A09F29",
				"E4B69E1C0A3A1BDC003C02F2",
				"191EF70929D778A400F35F26",
				"BB4B014C10F69532006C3DED",
				"E4B69B5B0A3A1756003C02F2",
				"1F9294CD-2621-4997-8CC4-04E6B11B28EA",
				"22AAE16F-4CF3-4CE6-9BBA-BD8AEF7D0020"
			],
			"isa": "PBXGroup",
			"sourceTree": "<group>"
		},
		"E4B69B4C0A3A1720003C02F2": {
			"attributes": {
				"BuildIndependentTargetsInParallel": "YES",
				"LastUpgradeCheck": "1540"
			},
			"buildConfigurationList": "E4B69B4D0A3A1720003C02F2",
			"compatibilityVersion": "Xcode 3.2",
			"developmentRegion": "en",
			"hasScannedForEncodings": "0",
			"isa": "PBXProject",
			"knownRegions": [
				"en",
				"Base"
			],
			"mainGroup": "E4B69B4A0A3A1720003C02F2",
			"productRefGroup": "E4B69B4A0A3A1720003C02F2",
			"projectDirPath": "",
			"projectRoot": "",
			"targets": [
				"E4B69B5A0A3A1756003C02F2"
			]
		},
		"E4B69B4D0A3A1720003C02F2": {
			"buildConfigurations": [
				"E4B69B4E0A3A1720003C02F2",
				"E4B69B4F0A3A1720003C02F2"
			],
			"defaultConfigurationIsVisible": "0",
			"defaultConfigurationName": "Release",
			"isa": "XCConfigurationList"
		},
		"E4B69B4E0A3A1720003C02F2": {
			"baseConfigurationReference": "E4EB6923138AFD0F00A09F29",
			"buildSettings": {
				"CODE_SIGN_ENTITLEMENTS": "of.entitlements",
				"COPY_PHASE_STRIP": "NO",
				"ENABLE_TESTABILITY": "YES",
				"GCC_OPTIMIZATION_LEVEL": "0",
				"GCC_WARN_UNUSED_VARIABLE": "NO",
				"HEADER_SEARCH_PATHS": [
					"$(OF_CORE_HEADERS)",
					"src"
				],
				"OTHER_CPLUSPLUSFLAGS": "-D__MACOSX_CORE__"
			},
			"isa": "XCBuildConfiguration",
			"name": "Debug"
		},
		"E4B69B4F0A3A1720003C02F2": {
			"baseConfigurationReference": "E4EB6923138AFD0F00A09F29",
			"buildSettings": {
				"CODE_SIGN_ENTITLEMENTS": "of.entitlements",
				"COPY_PHASE_STRIP": "YES",
				"GCC_OPTIMIZATION_LEVEL": "3",
				"GCC_UNROLL_LOOPS": "YES",
				"HEADER_SEARCH_PATHS": [
					"$(OF_CORE_HEADERS)",
					"src"
				],
				"OTHER_CPLUSPLUSFLAGS": "-D__MACOSX_CORE__"
			},
			"isa": "XCBuildConfiguration",
			"name": "Release"
		},
		"E4B69B580A3A1756003C02F2": {
			"buildActionMask": "2147483647",
			"files": [
				"E4B69E200A3A1BDC003C02F2",
				"41B536E2-8743-4BD3-A14C-4A48584BED92",
				"440C8D42-E5C8-46C9-A2EE-E2D0412B4437",
				"EBF0D554-7142-497D-9EDD-EBDC8A29A6D9"
			],
			"isa": "PBXSourcesBuildPhase",
			"runOnlyForDeploymentPostprocessing": "0"
		},
		"E4B69B590A3A1756003C02F2": {
			"buildActionMask": "2147483647",
			"files": [],
			"isa": "PBXFrameworksBuildPhase",
			"runOnlyForDeploymentPostprocessing": "0"
		},
		"E4B69B5A0A3A1756003C02F2": {
			"buildConfigurationList": "E4B69B5F0A3A1757003C02F2",
			"buildPhases": [
				"E42962A92163ECCD00A6A9E2",
				"E4B69B580A3A1756003C02F2",
				"E4B69B590A3A1756003C02F2",
				"E4C2427710CC5ABF004149E2",
				"E4A5B60F29BAAAE400C2D356",
				"19B789C429E5AB4A0082E9B8"
			],
			"buildRules": [],
			"dependencies": [],
			"isa": "PBXNativeTarget",
			"name": "marching-cubes",
			"productName": "myOFApp",
			"productReference": "E4B69B5B0A3A1756003C02F2",
			"productType": "com.apple.product-type.application"
		},
		"E4B69B5B0A3A1756003C02F2": {
			"explicitFileType": "wrapper.application",
			"includeInIndex": "0",
			"isa": "PBXFileReference",
			"path": "marching-cubesDebug.app",
			"sourceTree": "BUILT_PRODUCTS_DIR"
		},
		"E4B69B5F0A3A1757003C02F2": {
			"buildConfigurations": [
				"E4B69B600A3A1757003C02F2",
				"E4B69B610A3A1757003C02F2"
			],
			"defaultConfigurationIsVisible": "0",
			"defaultConfigurationName": "Release",
			"isa": "XCConfigurationList"
		},
		"E4B69B600A3A1757003C02F2": {
			"baseConfigurationReference": "E4EB6923138AFD0F00A09F29",
			"buildSettings": {
				"ARCHS": "$(ARCHS_STANDARD)",
				"COPY_PHASE_STRIP": "NO",
				"FRAMEWORK_SEARCH_PATHS": "$(inherited)",
				"GCC_DYNAMIC_NO_PIC": "NO",
				"HEADER_SEARCH_PATHS": [
					"$(OF_CORE_HEADERS)",
					"src",
					"src",
					"../ofxBvh/src",
					"../third_party/ofxMarchingCubes/src"
				],
				"LIBRARY_SEARCH_PATHS": "$(inherited)",
				"OTHER_LDFLAGS": [
					"$(OF_CORE_LIBS)",
					"$(OF_CORE_FRAMEWORKS)",
					"$(LIB_OF_DEBUG)"
				]
			},
			"isa": "XCBuildConfiguration",
			"name": "Debug"
		},
		"E4B69B610A3A1757003C02F2": {
			"baseConfigurationReference": "E4EB6923138AFD0F00A09F29",
			"buildSettings": {
				"ARCHS": "$(ARCHS_STANDARD)",
				"COPY_PHASE_STRIP": "YES",
				"FRAMEWORK_SEARCH_PATHS": "$(inherited)",
				"HEADER_SEARCH_PATHS": [
					"$(OF_CORE_HEADERS)",
					"src",
					"src",
					"../ofxBvh/src",
					"../third_party/ofxMarchingCubes/src"
				],
				"LIBRARY_SEARCH_PATHS": "$(inherited)",
				"OTHER_LDFLAGS": [
					"$(OF_CORE_LIBS)",
					"$(OF_CORE_FRAMEWORKS)",
					"$(LIB_OF_RELEASE)"
				],
				"baseConfigurationReference": "E4EB6923138AFD0F00A09F29"
			},
			"isa": "XCBuildConfiguration",
			"name": "Release"
		},
		"E4B69E1C0A3A1BDC003C02F2": {
			"children": [
				"E4B69E1D0A3A1BDC003C02F2",
				"44E0AADC-45B0-4A20-9EDE-82DEC7720829",
				"461370C5-1FD2-42F0-9FF7-7421CA1DA69E",
				"EB260B1C-96ED-48BF-BBCA-7257FEB1831E"
			],
			"isa": "PBXGroup",
			"path": "src",
			"sourceTree": "SOURCE_ROOT"
		},
		"E4B69E1D0A3A1BDC003C02F2": {
			"fileEncoding": "4",
			"isa": "PBXFileReference",
			"lastKnownFileType": "sourcecode.cpp.cpp",
			"name": "main.cpp",
			"path": "src/main.cpp",
			"sourceTree": "SOURCE_ROOT"
		},
		"E4B69E200A3A1BDC003C02F2": {
			"fileRef": "E4B69E1D0A3A1BDC003C02F2",
			"isa": "PBXBuildFile"
		},
		"E4B6FCAD0C3E899E008CF71C": {
			"fileEncoding": "4",
			"isa": "PBXFileReference",
			"lastKnownFileType": "text.plist.xml",
			"path": "openFrameworks-Info.plist",
			"sourceTree": "<group>"
		},
		"E4C2427710CC5ABF004149E2": {
			"buildActionMask": "2147483647",
			"dstPath": "",
			"dstSubfolderSpec": "10",
			"files": [],
			"isa": "PBXCopyFilesBuildPhase",
			"runOnlyForDeploymentPostprocessing": "0"
		},
		"E4EB6923138AFD0F00A09F29": {
			"fileEncoding": "4",
			"isa": "PBXFileReference",
			"lastKnownFileType": "text.xcconfig",
			"path": "Project.xcconfig",
			"sourceTree": "<group>"
		},
		"EB260B1C-96ED-48BF-BBCA-7257FEB1831E": {
			"fileEncoding": "4",
			"isa": "PBXFileReference",
			"lastKnownFileType": "sourcecode.cpp.h",
			"name": "ofApp.h",
			"sourceTree": "<group>"
		},
		"EBF0D554-7142-497D-9EDD-EBDC8A29A6D9": {
			"fileRef": "9C00D355-F0BC-42E8-AE0E-116FB2868364",
			"isa": "PBXBuildFile"
		}
	},
	"rootObject": "E4B69B4C0A3A1720003C02F2"
}
